
Microsoft Visual Studio Solution File, Format Version 12.00
# Visual Studio Version 16
VisualStudioVersion = 16.0.31424.327
MinimumVisualStudioVersion = 10.0.40219.1
Project("{888888A0-9F3D-457C-B088-3A5042F75D52}") = "DS3BehaviorXMLTool", "DS3BehaviorXMLTool\DS3BehaviorXMLTool.pyproj", "{25C496F8-DCD9-457C-984A-5803A34D8ECA}"
EndProject
Global
	GlobalSection(SolutionConfigurationPlatforms) = preSolution
		Debug|Any CPU = Debug|Any CPU
		Release|Any CPU = Release|Any CPU
	EndGlobalSection
	GlobalSection(ProjectConfigurationPlatforms) = postSolution
		{25C496F8-DCD9-457C-984A-5803A34D8ECA}.Debug|Any CPU.ActiveCfg = Debug|Any CPU
		{25C496F8-DCD9-457C-984A-5803A34D8ECA}.Release|Any CPU.ActiveCfg = Release|Any CPU
	EndGlobalSection
	GlobalSection(SolutionProperties) = preSolution
		HideSolutionNode = FALSE
	EndGlobalSection
	GlobalSection(ExtensibilityGlobals) = postSolution
		SolutionGuid = {A5828088-D683-45E2-B312-BBF06A296FC0}
	EndGlobalSection
EndGlobal
